
Microsoft Visual Studio Solution File, Format Version 12.00
# Visual Studio 15
VisualStudioVersion = 15.0.27004.2009
MinimumVisualStudioVersion = 10.0.40219.1
Project("{8BC9CEB8-8B4A-11D0-8D11-00A0C91BC942}") = "pvxinst", "pvxinst\pvxinst.vcxproj", "{9A6BAD68-3772-46F2-B798-1810E0F05225}"
EndProject
Global
	GlobalSection(SolutionConfigurationPlatforms) = preSolution
		Debug|x64 = Debug|x64
		Debug|x86 = Debug|x86
		Release|x64 = Release|x64
		Release|x86 = Release|x86
	EndGlobalSection
	GlobalSection(ProjectConfigurationPlatforms) = postSolution
		{9A6BAD68-3772-46F2-B798-1810E0F05225}.Debug|x64.ActiveCfg = Debug|x64
		{9A6BAD68-3772-46F2-B798-1810E0F05225}.Debug|x64.Build.0 = Debug|x64
		{9A6BAD68-3772-46F2-B798-1810E0F05225}.Debug|x86.ActiveCfg = Debug|Win32
		{9A6BAD68-3772-46F2-B798-1810E0F05225}.Debug|x86.Build.0 = Debug|Win32
		{9A6BAD68-3772-46F2-B798-1810E0F05225}.Release|x64.ActiveCfg = Release|x64
		{9A6BAD68-3772-46F2-B798-1810E0F05225}.Release|x64.Build.0 = Release|x64
		{9A6BAD68-3772-46F2-B798-1810E0F05225}.Release|x86.ActiveCfg = Release|Win32
		{9A6BAD68-3772-46F2-B798-1810E0F05225}.Release|x86.Build.0 = Release|Win32
	EndGlobalSection
	GlobalSection(SolutionProperties) = preSolution
		HideSolutionNode = FALSE
	EndGlobalSection
	GlobalSection(ExtensibilityGlobals) = postSolution
		SolutionGuid = {8A32A225-9975-4BFB-9AF2-93C5B0B2A11C}
	EndGlobalSection
EndGlobal
